{
  "originHash" : "84c7ad7e8791b056d6937ce393a2f93019e51dfd80356e66967ca3ba696b513e",
  "pins" : [
    {
      "identity" : "keyboardshortcuts",
      "kind" : "remoteSourceControl",
      "location" : "https://github.com/sindresorhus/KeyboardShortcuts.git",
      "state" : {
        "revision" : "ac12762853126cf2e7ad63a6a58e1c9f58c6a0ee",
        "version" : "1.17.0"
      }
    }
  ],
  "version" : 3
}
